
Microsoft Visual Studio Solution File, Format Version 12.00
# Visual Studio Version 16
VisualStudioVersion = 16.0.29209.62
MinimumVisualStudioVersion = 10.0.40219.1
Project("{FAE04EC0-301F-11D3-BF4B-00C04F79EFBC}") = "WebApplication1", "WebApplication1.csproj", "{6E13A407-A297-461A-A8E8-4F4D294C862D}"
EndProject
Project("{FAE04EC0-301F-11D3-BF4B-00C04F79EFBC}") = "WebApplication1.Tests", "..\WebApplication1.Tests\WebApplication1.Tests.csproj", "{DEAA346A-86DF-422F-9209-7793F675FE9B}"
EndProject
Global
	GlobalSection(SolutionConfigurationPlatforms) = preSolution
		Debug|Any CPU = Debug|Any CPU
		Release|Any CPU = Release|Any CPU
	EndGlobalSection
	GlobalSection(ProjectConfigurationPlatforms) = postSolution
		{6E13A407-A297-461A-A8E8-4F4D294C862D}.Debug|Any CPU.ActiveCfg = Debug|Any CPU
		{6E13A407-A297-461A-A8E8-4F4D294C862D}.Debug|Any CPU.Build.0 = Debug|Any CPU
		{6E13A407-A297-461A-A8E8-4F4D294C862D}.Release|Any CPU.ActiveCfg = Release|Any CPU
		{6E13A407-A297-461A-A8E8-4F4D294C862D}.Release|Any CPU.Build.0 = Release|Any CPU
		{DEAA346A-86DF-422F-9209-7793F675FE9B}.Debug|Any CPU.ActiveCfg = Debug|Any CPU
		{DEAA346A-86DF-422F-9209-7793F675FE9B}.Debug|Any CPU.Build.0 = Debug|Any CPU
		{DEAA346A-86DF-422F-9209-7793F675FE9B}.Release|Any CPU.ActiveCfg = Release|Any CPU
		{DEAA346A-86DF-422F-9209-7793F675FE9B}.Release|Any CPU.Build.0 = Release|Any CPU
	EndGlobalSection
	GlobalSection(SolutionProperties) = preSolution
		HideSolutionNode = FALSE
	EndGlobalSection
	GlobalSection(ExtensibilityGlobals) = postSolution
		SolutionGuid = {5554E710-C2F2-4B21-8C51-F6C4A1140F96}
	EndGlobalSection
EndGlobal
